
Microsoft Visual Studio Solution File, Format Version 11.00
# Visual Studio 2010
Project("{FAE04EC0-301F-11D3-BF4B-00C04F79EFBC}") = "NOC_Unity", "Assembly-CSharp.csproj", "{A7C5AA70-6CF2-ADE4-75EC-4FB6D4E5030D}"
EndProject
Project("{FAE04EC0-301F-11D3-BF4B-00C04F79EFBC}") = "NOC_Unity", "Assembly-CSharp-Editor.csproj", "{4AEA0D44-F58A-FCD7-589B-341F5AF7620B}"
EndProject
Global
	GlobalSection(SolutionConfigurationPlatforms) = preSolution
		Debug|Any CPU = Debug|Any CPU
		Release|Any CPU = Release|Any CPU
	EndGlobalSection
	GlobalSection(ProjectConfigurationPlatforms) = postSolution
		{A7C5AA70-6CF2-ADE4-75EC-4FB6D4E5030D}.Debug|Any CPU.ActiveCfg = Debug|Any CPU
		{A7C5AA70-6CF2-ADE4-75EC-4FB6D4E5030D}.Debug|Any CPU.Build.0 = Debug|Any CPU
		{A7C5AA70-6CF2-ADE4-75EC-4FB6D4E5030D}.Release|Any CPU.ActiveCfg = Release|Any CPU
		{A7C5AA70-6CF2-ADE4-75EC-4FB6D4E5030D}.Release|Any CPU.Build.0 = Release|Any CPU
		{4AEA0D44-F58A-FCD7-589B-341F5AF7620B}.Debug|Any CPU.ActiveCfg = Debug|Any CPU
		{4AEA0D44-F58A-FCD7-589B-341F5AF7620B}.Debug|Any CPU.Build.0 = Debug|Any CPU
		{4AEA0D44-F58A-FCD7-589B-341F5AF7620B}.Release|Any CPU.ActiveCfg = Release|Any CPU
		{4AEA0D44-F58A-FCD7-589B-341F5AF7620B}.Release|Any CPU.Build.0 = Release|Any CPU
	EndGlobalSection
	GlobalSection(SolutionProperties) = preSolution
		HideSolutionNode = FALSE
	EndGlobalSection
	GlobalSection(MonoDevelopProperties) = preSolution
		StartupItem = Assembly-CSharp.csproj
	EndGlobalSection
EndGlobal
